
Microsoft Visual Studio Solution File, Format Version 12.00
# Visual Studio Version 17
VisualStudioVersion = 17.0.31912.275
MinimumVisualStudioVersion = 10.0.40219.1
Project("{9A19103F-16F7-4668-BE54-9A1E7A4F7556}") = "TurismoReal", "DepartamentoApp\TurismoReal.csproj", "{85AC967E-9126-4B20-AD70-DF5550C15018}"
EndProject
Project("{9A19103F-16F7-4668-BE54-9A1E7A4F7556}") = "SkyrentConnect", "SkyrentConnect\SkyrentConnect.csproj", "{8FE7D223-3889-4FF7-9573-E414967535BF}"
EndProject
Project("{9A19103F-16F7-4668-BE54-9A1E7A4F7556}") = "SkyrentBusiness", "SkyrentBusiness\SkyrentBusiness.csproj", "{92D66B59-0382-432A-9A02-B3C9802A3C9B}"
EndProject
Project("{9A19103F-16F7-4668-BE54-9A1E7A4F7556}") = "SkyrentObjects", "SkyrentObjects\SkyrentObjects.csproj", "{A7C16FF8-496C-4695-9FA9-B09485E901A5}"
EndProject
Global
	GlobalSection(SolutionConfigurationPlatforms) = preSolution
		Debug|Any CPU = Debug|Any CPU
		Release|Any CPU = Release|Any CPU
	EndGlobalSection
	GlobalSection(ProjectConfigurationPlatforms) = postSolution
		{85AC967E-9126-4B20-AD70-DF5550C15018}.Debug|Any CPU.ActiveCfg = Debug|Any CPU
		{85AC967E-9126-4B20-AD70-DF5550C15018}.Debug|Any CPU.Build.0 = Debug|Any CPU
		{85AC967E-9126-4B20-AD70-DF5550C15018}.Release|Any CPU.ActiveCfg = Release|Any CPU
		{85AC967E-9126-4B20-AD70-DF5550C15018}.Release|Any CPU.Build.0 = Release|Any CPU
		{8FE7D223-3889-4FF7-9573-E414967535BF}.Debug|Any CPU.ActiveCfg = Debug|Any CPU
		{8FE7D223-3889-4FF7-9573-E414967535BF}.Debug|Any CPU.Build.0 = Debug|Any CPU
		{8FE7D223-3889-4FF7-9573-E414967535BF}.Release|Any CPU.ActiveCfg = Release|Any CPU
		{8FE7D223-3889-4FF7-9573-E414967535BF}.Release|Any CPU.Build.0 = Release|Any CPU
		{92D66B59-0382-432A-9A02-B3C9802A3C9B}.Debug|Any CPU.ActiveCfg = Debug|Any CPU
		{92D66B59-0382-432A-9A02-B3C9802A3C9B}.Debug|Any CPU.Build.0 = Debug|Any CPU
		{92D66B59-0382-432A-9A02-B3C9802A3C9B}.Release|Any CPU.ActiveCfg = Release|Any CPU
		{92D66B59-0382-432A-9A02-B3C9802A3C9B}.Release|Any CPU.Build.0 = Release|Any CPU
		{A7C16FF8-496C-4695-9FA9-B09485E901A5}.Debug|Any CPU.ActiveCfg = Debug|Any CPU
		{A7C16FF8-496C-4695-9FA9-B09485E901A5}.Debug|Any CPU.Build.0 = Debug|Any CPU
		{A7C16FF8-496C-4695-9FA9-B09485E901A5}.Release|Any CPU.ActiveCfg = Release|Any CPU
		{A7C16FF8-496C-4695-9FA9-B09485E901A5}.Release|Any CPU.Build.0 = Release|Any CPU
	EndGlobalSection
	GlobalSection(SolutionProperties) = preSolution
		HideSolutionNode = FALSE
	EndGlobalSection
	GlobalSection(ExtensibilityGlobals) = postSolution
		SolutionGuid = {F2624639-C13B-478C-9BFD-515C4E00DE73}
	EndGlobalSection
EndGlobal
